{
  "version": 4,
  "terraform_version": "0.12.26",
  "serial": 5,
  "lineage": "1ccc58da-93b5-4b2a-8a7e-ecf8f1dc4d34",
  "outputs": {},
  "resources": [
    {
      "mode": "data",
      "type": "pagerduty_ruleset",
      "name": "ao_apmservice_ruleset",
      "provider": "provider.pagerduty",
      "instances": [
        {
          "schema_version": 0,
          "attributes": {
            "id": "a8569388-e5f8-49a2-bebd-5115bd74bfce",
            "name": "AO APM Services"
          }
        }
      ]
    },
    {
      "module": "module.module_eventmonitor_apmservice_davetests_maersk_prod",
      "mode": "data",
      "type": "pagerduty_service",
      "name": "technical_service",
      "provider": "provider.pagerduty",
      "instances": [
        {
          "schema_version": 0,
          "attributes": {
            "id": "PX4T4RA",
            "name": "api-global_bizhrs-maersk-prod-apm"
          }
        }
      ]
    },
    {
      "mode": "data",
      "type": "pagerduty_team",
      "name": "aop_akamai_sre",
      "provider": "provider.pagerduty",
      "instances": [
        {
          "schema_version": 0,
          "attributes": {
            "description": "Managed by Terraform",
            "id": "P0O1QP6",
            "name": "AOP Akamai SRE Team"
          }
        }
      ]
    },
    {
      "module": "module.module_eventmonitor_apmservice_davetests_maersk_prod",
      "mode": "managed",
      "type": "pagerduty_ruleset_rule",
      "name": "ao_apmservice_ruleset_rule_error",
      "each": "list",
      "provider": "provider.pagerduty",
      "instances": [
        {
          "index_key": 0,
          "schema_version": 0,
          "attributes": {
            "actions": [
              {
                "annotate": [
                  {
                    "value": "From Terraform"
                  }
                ],
                "event_action": [],
                "extractions": [],
                "priority": [
                  {
                    "value": "PGEQMNH"
                  }
                ],
                "route": [
                  {
                    "value": "PX4T4RA"
                  }
                ],
                "severity": [
                  {
                    "value": "warning"
                  }
                ],
                "suppress": []
              }
            ],
            "conditions": [
              {
                "operator": "and",
                "subconditions": [
                  {
                    "operator": "equals",
                    "parameter": [
                      {
                        "path": "payload.source",
                        "value": "DAVETESTS"
                      }
                    ]
                  },
                  {
                    "operator": "contains",
                    "parameter": [
                      {
                        "path": "payload.custom_details.tags",
                        "value": "tenant:maersk"
                      }
                    ]
                  },
                  {
                    "operator": "contains",
                    "parameter": [
                      {
                        "path": "payload.custom_details.tags",
                        "value": "env:prod"
                      }
                    ]
                  },
                  {
                    "operator": "contains",
                    "parameter": [
                      {
                        "path": "payload.custom_details.tags",
                        "value": "category:apm"
                      }
                    ]
                  },
                  {
                    "operator": "contains",
                    "parameter": [
                      {
                        "path": "payload.custom_details.tags",
                        "value": "type:api"
                      }
                    ]
                  },
                  {
                    "operator": "contains",
                    "parameter": [
                      {
                        "path": "payload.custom_details.tags",
                        "value": "callout:false"
                      }
                    ]
                  },
                  {
                    "operator": "contains",
                    "parameter": [
                      {
                        "path": "payload.severity",
                        "value": "error"
                      }
                    ]
                  }
                ]
              }
            ],
            "disabled": false,
            "id": "ec3ddffb-cf52-49c6-a16f-072ca8c6e934",
            "position": 573,
            "ruleset": "a8569388-e5f8-49a2-bebd-5115bd74bfce",
            "time_frame": []
          },
          "private": "bnVsbA=="
        }
      ]
    },
    {
      "module": "module.module_eventmonitor_apmservice_davetests_maersk_prod",
      "mode": "managed",
      "type": "pagerduty_ruleset_rule",
      "name": "ao_apmservice_ruleset_rule_error_pause",
      "each": "list",
      "provider": "provider.pagerduty",
      "instances": []
    },
    {
      "module": "module.module_eventmonitor_apmservice_davetests_maersk_prod",
      "mode": "managed",
      "type": "pagerduty_ruleset_rule",
      "name": "ao_apmservice_ruleset_rule_info",
      "provider": "provider.pagerduty",
      "instances": [
        {
          "schema_version": 0,
          "attributes": {
            "actions": [
              {
                "annotate": [],
                "event_action": [],
                "extractions": [],
                "priority": [],
                "route": [
                  {
                    "value": "PX4T4RA"
                  }
                ],
                "severity": [],
                "suppress": [
                  {
                    "threshold_time_amount": 0,
                    "threshold_time_unit": "",
                    "threshold_value": 0,
                    "value": true
                  }
                ]
              }
            ],
            "conditions": [
              {
                "operator": "and",
                "subconditions": [
                  {
                    "operator": "equals",
                    "parameter": [
                      {
                        "path": "payload.source",
                        "value": "DAVETESTS"
                      }
                    ]
                  },
                  {
                    "operator": "contains",
                    "parameter": [
                      {
                        "path": "payload.custom_details.tags",
                        "value": "tenant:maersk"
                      }
                    ]
                  },
                  {
                    "operator": "contains",
                    "parameter": [
                      {
                        "path": "payload.custom_details.tags",
                        "value": "env:prod"
                      }
                    ]
                  },
                  {
                    "operator": "contains",
                    "parameter": [
                      {
                        "path": "payload.custom_details.tags",
                        "value": "category:apm"
                      }
                    ]
                  },
                  {
                    "operator": "contains",
                    "parameter": [
                      {
                        "path": "payload.custom_details.tags",
                        "value": "type:api"
                      }
                    ]
                  },
                  {
                    "operator": "contains",
                    "parameter": [
                      {
                        "path": "payload.custom_details.tags",
                        "value": "callout:false"
                      }
                    ]
                  },
                  {
                    "operator": "contains",
                    "parameter": [
                      {
                        "path": "payload.severity",
                        "value": "info"
                      }
                    ]
                  }
                ]
              }
            ],
            "disabled": false,
            "id": "99f35f82-3c3c-46bf-9992-668f104dc84f",
            "position": 575,
            "ruleset": "a8569388-e5f8-49a2-bebd-5115bd74bfce",
            "time_frame": []
          },
          "private": "bnVsbA==",
          "dependencies": [
            "module.module_eventmonitor_apmservice_davetests_maersk_prod.pagerduty_ruleset_rule.ao_apmservice_ruleset_rule_error",
            "module.module_eventmonitor_apmservice_davetests_maersk_prod.pagerduty_ruleset_rule.ao_apmservice_ruleset_rule_warn"
          ]
        }
      ]
    },
    {
      "module": "module.module_eventmonitor_apmservice_davetests_maersk_prod",
      "mode": "managed",
      "type": "pagerduty_ruleset_rule",
      "name": "ao_apmservice_ruleset_rule_warn",
      "provider": "provider.pagerduty",
      "instances": [
        {
          "schema_version": 0,
          "attributes": {
            "actions": [
              {
                "annotate": [
                  {
                    "value": "From Terraform"
                  }
                ],
                "event_action": [],
                "extractions": [],
                "priority": [
                  {
                    "value": "PD52LYU"
                  }
                ],
                "route": [
                  {
                    "value": "PX4T4RA"
                  }
                ],
                "severity": [
                  {
                    "value": "warning"
                  }
                ],
                "suppress": [
                  {
                    "threshold_time_amount": 0,
                    "threshold_time_unit": "",
                    "threshold_value": 0,
                    "value": true
                  }
                ]
              }
            ],
            "conditions": [
              {
                "operator": "and",
                "subconditions": [
                  {
                    "operator": "equals",
                    "parameter": [
                      {
                        "path": "payload.source",
                        "value": "DAVETESTS"
                      }
                    ]
                  },
                  {
                    "operator": "contains",
                    "parameter": [
                      {
                        "path": "payload.custom_details.tags",
                        "value": "tenant:maersk"
                      }
                    ]
                  },
                  {
                    "operator": "contains",
                    "parameter": [
                      {
                        "path": "payload.custom_details.tags",
                        "value": "env:prod"
                      }
                    ]
                  },
                  {
                    "operator": "contains",
                    "parameter": [
                      {
                        "path": "payload.custom_details.tags",
                        "value": "category:apm"
                      }
                    ]
                  },
                  {
                    "operator": "contains",
                    "parameter": [
                      {
                        "path": "payload.custom_details.tags",
                        "value": "type:api"
                      }
                    ]
                  },
                  {
                    "operator": "contains",
                    "parameter": [
                      {
                        "path": "payload.custom_details.tags",
                        "value": "callout:false"
                      }
                    ]
                  },
                  {
                    "operator": "contains",
                    "parameter": [
                      {
                        "path": "payload.severity",
                        "value": "warning"
                      }
                    ]
                  }
                ]
              }
            ],
            "disabled": false,
            "id": "275122b0-bea6-430f-a0ff-fde8f1455d2d",
            "position": 574,
            "ruleset": "a8569388-e5f8-49a2-bebd-5115bd74bfce",
            "time_frame": []
          },
          "private": "bnVsbA==",
          "dependencies": [
            "module.module_eventmonitor_apmservice_davetests_maersk_prod.pagerduty_ruleset_rule.ao_apmservice_ruleset_rule_error"
          ]
        }
      ]
    }
  ]
}
