{
  "version": 4,
  "terraform_version": "0.12.26",
  "serial": 3,
  "lineage": "61c24e84-a136-86e2-9ea5-6b0d0cf6a360",
  "outputs": {},
  "resources": [
    {
      "module": "module.module_monitor_apmservice_cassandra_maersk_prod2",
      "mode": "managed",
      "type": "datadog_monitor",
      "name": "Monitor_apm_service_error_rate_cassandra",
      "provider": "provider.datadog",
      "instances": [
        {
          "schema_version": 0,
          "attributes": {
            "enable_logs_sample": null,
            "escalation_message": "",
            "evaluation_delay": 0,
            "force_delete": null,
            "id": "312420",
            "include_tags": true,
            "locked": false,
            "message": "{{#is_alert}}\n   AO - APM Service prod cassandra has a high error rate cassandra 500x on tenant_region:maersk_amer (alert) @pagerduty-ao_apm\n   See API Product Team dependencies : https://confluence.maerskdev.net/pages/viewpage.action?spaceKey=CoP\u0026title=AO+API+Catalogue\n  {{/is_alert}}\n\n  {{#is_warning}}\n   AO - APM Service prod cassandra has a high error rate cassandra 500x on tenant_region:maersk_amer (warn) @pagerduty-ao_apm\n   See API Product Team dependencies : https://confluence.maerskdev.net/pages/viewpage.action?spaceKey=CoP\u0026title=AO+API+Catalogue\n  {{/is_warning}}\n\n  {{#is_recovery}}\n  @pagerduty-ao_apm\n  {{/is_recovery}}",
            "name": "APM Service prod cassandra has a high error rate cassandra 500x on tenant_region:maersk_amer",
            "new_host_delay": 300,
            "no_data_timeframe": null,
            "notify_audit": false,
            "notify_no_data": false,
            "query": "sum(last_1m):default_zero((default_zero(sum:trace.cassandra.query.errors{service:cassandra,env:prod,tenant_region:maersk_amer}.as_count()) /\n  sum:trace.cassandra.query.hits{service:cassandra,env:prod,tenant_region:maersk_amer}.as_count())) \u003e 0.75",
            "renotify_interval": 0,
            "require_full_window": false,
            "silenced": {},
            "tags": [
              "callout:false",
              "category:apm",
              "cluster:aop-prod-amer",
              "env:prod",
              "origin:ddagent",
              "region:amer",
              "service:cassandra",
              "tenant:maersk",
              "tenant_region:maersk_amer",
              "type:api"
            ],
            "threshold_windows": {},
            "thresholds": {
              "critical": "0.75",
              "critical_recovery": "0.51",
              "warning": "0.5",
              "warning_recovery": "0.4"
            },
            "timeout_h": 0,
            "type": "query alert",
            "validate": null
          },
          "private": "bnVsbA=="
        }
      ]
    }
  ]
}
